
Microsoft Visual Studio Solution File, Format Version 12.00
# Visual Studio Version 17
VisualStudioVersion = 17.4.33205.214
MinimumVisualStudioVersion = 10.0.40219.1
Project("{FAE04EC0-301F-11D3-BF4B-00C04F79EFBC}") = "Layout", "Layout.csproj", "{351606B3-AF9F-455A-BD2D-67E8F2BE7682}"
EndProject
Global
	GlobalSection(SolutionConfigurationPlatforms) = preSolution
		Debug|Any CPU = Debug|Any CPU
		Release|Any CPU = Release|Any CPU
	EndGlobalSection
	GlobalSection(ProjectConfigurationPlatforms) = postSolution
		{351606B3-AF9F-455A-BD2D-67E8F2BE7682}.Debug|Any CPU.ActiveCfg = Debug|Any CPU
		{351606B3-AF9F-455A-BD2D-67E8F2BE7682}.Debug|Any CPU.Build.0 = Debug|Any CPU
		{351606B3-AF9F-455A-BD2D-67E8F2BE7682}.Release|Any CPU.ActiveCfg = Release|Any CPU
		{351606B3-AF9F-455A-BD2D-67E8F2BE7682}.Release|Any CPU.Build.0 = Release|Any CPU
	EndGlobalSection
	GlobalSection(SolutionProperties) = preSolution
		HideSolutionNode = FALSE
	EndGlobalSection
	GlobalSection(ExtensibilityGlobals) = postSolution
		SolutionGuid = {87969F37-8553-4751-964D-052D828EB028}
	EndGlobalSection
EndGlobal
